
Microsoft Visual Studio Solution File, Format Version 12.00
# Visual Studio Version 17
VisualStudioVersion = 17.2.32602.215
MinimumVisualStudioVersion = 10.0.40219.1
Project("{FAE04EC0-301F-11D3-BF4B-00C04F79EFBC}") = "Mod09_FichaEx4", "Mod09_FichaEx4\Mod09_FichaEx4.csproj", "{1776F358-CDB3-4845-A097-7824B65A279E}"
EndProject
Global
	GlobalSection(SolutionConfigurationPlatforms) = preSolution
		Debug|Any CPU = Debug|Any CPU
		Release|Any CPU = Release|Any CPU
	EndGlobalSection
	GlobalSection(ProjectConfigurationPlatforms) = postSolution
		{1776F358-CDB3-4845-A097-7824B65A279E}.Debug|Any CPU.ActiveCfg = Debug|Any CPU
		{1776F358-CDB3-4845-A097-7824B65A279E}.Debug|Any CPU.Build.0 = Debug|Any CPU
		{1776F358-CDB3-4845-A097-7824B65A279E}.Release|Any CPU.ActiveCfg = Release|Any CPU
		{1776F358-CDB3-4845-A097-7824B65A279E}.Release|Any CPU.Build.0 = Release|Any CPU
	EndGlobalSection
	GlobalSection(SolutionProperties) = preSolution
		HideSolutionNode = FALSE
	EndGlobalSection
	GlobalSection(ExtensibilityGlobals) = postSolution
		SolutionGuid = {FDD51B46-E6F6-4A39-8430-66F985E15F50}
	EndGlobalSection
EndGlobal
