
Microsoft Visual Studio Solution File, Format Version 12.00
# Visual Studio Version 17
VisualStudioVersion = 17.2.32602.215
MinimumVisualStudioVersion = 10.0.40219.1
Project("{FAE04EC0-301F-11D3-BF4B-00C04F79EFBC}") = "Mod9_Ex2", "Mod9_Ex2\Mod9_Ex2.csproj", "{A1883E5B-4A48-4C91-AC23-9C544AF8A2E9}"
EndProject
Global
	GlobalSection(SolutionConfigurationPlatforms) = preSolution
		Debug|Any CPU = Debug|Any CPU
		Release|Any CPU = Release|Any CPU
	EndGlobalSection
	GlobalSection(ProjectConfigurationPlatforms) = postSolution
		{A1883E5B-4A48-4C91-AC23-9C544AF8A2E9}.Debug|Any CPU.ActiveCfg = Debug|Any CPU
		{A1883E5B-4A48-4C91-AC23-9C544AF8A2E9}.Debug|Any CPU.Build.0 = Debug|Any CPU
		{A1883E5B-4A48-4C91-AC23-9C544AF8A2E9}.Release|Any CPU.ActiveCfg = Release|Any CPU
		{A1883E5B-4A48-4C91-AC23-9C544AF8A2E9}.Release|Any CPU.Build.0 = Release|Any CPU
	EndGlobalSection
	GlobalSection(SolutionProperties) = preSolution
		HideSolutionNode = FALSE
	EndGlobalSection
	GlobalSection(ExtensibilityGlobals) = postSolution
		SolutionGuid = {4FE8B9F4-2CB0-4AA0-8076-E8711CEDD393}
	EndGlobalSection
EndGlobal
